;ksghado;ghuodufhgdfgyuytrdxc vbhu7ytfdcvbhuyfcxvhuyfchi;ksghado;ghuodufhgdfgyuytrdxc vbhu7ytfdcvbhuyfcxvhuyfchi;ksghado;ghuodufhgdfgyuytrdxc vbhu7ytfdcvbhuyfcxvhuyfchi;ksghado;ghuodufhgdfgyuytrdxc vbhu7ytfdcvbhuyfcxvhuyfchi;ksghado;ghuodufhgdfgyuytrdxc vbhu7ytfdcvbhuyfcxvhuyfchi;ksghado;ghuodufhgdfgyuytrdxc vbhu7ytfdcvbhuyfcxvhuyfchi;ksghado;ghuodufhgdfgyuytrdxc vbhu7ytfdcvbhuyfcxvhuyfchi;ksghado;ghuodufhgdfgyuytrdxc vbhu7ytfdcvbhuyfcxvhuyfchi;ksghado;ghuodufhgdfgyuytrdxc vbhu7ytfdcvbhuyfcxvhuyfchi;ksghado;ghuodufhgdfgyuytrdxc vbhu7ytfdcvbhuyfcxvhuyfchi;ksghado;ghuodufhgdfgyuytrdxc vbhu7ytfdcvbhuyfcxvhuyfchi;ksghado;ghuodufhgdfgyuytrdxc vbhu7ytfdcvbhuyfcxvhuyfchi;ksghado;ghuodufhgdfgyuytrdxc vbhu7ytfdcvbhuyfcxvhuyfchi;ksghado;ghuodufhgdfgyuytrdxc vbhu7ytfdcvbhuyfcxvhuyfchi;ksghado;ghuodufhgdfgyuytrdxc vbhu7ytfdcvbhuyfcxvhuyfchi;ksghado;ghuodufhgdfgyuytrdxc vbhu7ytfdcvbhuyfcxvhuyfchi;ksghado;ghuodufhgdfgyuytrdxc vbhu7ytfdcvbhuyfcxvhuyfchi;ksghado;ghuodufhgdfgyuytrdxc vbhu7ytfdcvbhuyfcxvhuyfchi;ksghado;ghuodufhgdfgyuytrdxc vbhu7ytfdcvbhuyfcxvhuyfchi;ksghado;ghuodufhgdfgyuytrdxc vbhu7ytfdcvbhuyfcxvhuyfchi;ksghado;ghuodufhgdfgyuytrdxc vbhu7ytfdcvbhuyfcxvhuyfchi;ksghado;ghuodufhgdfgyuytrdxc vbhu7ytfdcvbhuyfcxvhuyfchi;ksghado;ghuodufhgdfgyuytrdxc vbhu7ytfdcvbhuyfcxvhuyfchi;ksghado;ghuodufhgdfgyuytrdxc vbhu7ytfdcvbhuyfcxvhuyfchi;ksghado;ghuodufhgdfgyuytrdxc vbhu7ytfdcvbhuyfcxvhuyfchi;ksghado;ghuodufhgdfgyuytrdxc vbhu7ytfdcvbhuyfcxvhuyfchi;ksghado;ghuodufhgdfgyuytrdxc vbhu7ytfdcvbhuyfcxvhuyfchi;ksghado;ghuodufhgdfgyuytrdxc vbhu7ytfdcvbhuyfcxvhuyfchi;ksghado;ghuodufhgdfgyuytrdxc vbhu7ytfdcvbhuyfcxvhuyfchi;ksghado;ghuodufhgdfgyuytrdxc vbhu7ytfdcvbhuyfcxvhuyfchi;ksghado;ghuodufhgdfgyuytrdxc vbhu7ytfdcvbhuyfcxvhuyfchi;ksghado;ghuodufhgdfgyuytrdxc vbhu7ytfdcvbhuyfcxvhuyfchi;ksghado;ghuodufhgdfgyuytrdxc vbhu7ytfdcvbhuyfcxvhuyfchi;ksghado;ghuodufhgdfgyuytrdxc vbhu7ytfdcvbhuyfcxvhuyfchi;ksghado;ghuodufhgdfgyuytrdxc vbhu7ytfdcvbhuyfcxvhuyfchi;ksghado;ghuodufhgdfgyuytrdxc vbhu7ytfdcvbhuyfcxvhuyfchi;ksghado;ghuodufhgdfgyuytrdxc vbhu7ytfdcvbhuyfcxvhuyfchi;ksghado;ghuodufhgdfgyuytrdxc vbhu7ytfdcvbhuyfcxvhuyfchi;ksghado;ghuodufhgdfgyuytrdxc vbhu7ytfdcvbhuyfcxvhuyfchi;ksghado;ghuodufhgdfgyuytrdxc vbhu7ytfdcvbhuyfcxvhuyfchi;ksghado;ghuodufhgdfgyuytrdxc vbhu7ytfdcvbhuyfcxvhuyfchi;ksghado;ghuodufhgdfgyuytrdxc vbhu7ytfdcvbhuyfcxvhuyfchi